
Microsoft Visual Studio Solution File, Format Version 12.00
# Visual Studio Version 17
VisualStudioVersion = 17.8.34330.188
MinimumVisualStudioVersion = 10.0.40219.1
Project("{9A19103F-16F7-4668-BE54-9A1E7A4F7556}") = "MovieRentalApp.Server", "MovieRentalApp\Server\MovieRentalApp.Server.csproj", "{88922B69-74BE-4D5A-95EE-16F790342833}"
EndProject
Project("{9A19103F-16F7-4668-BE54-9A1E7A4F7556}") = "MovieRentalApp.Client", "MovieRentalApp\Client\MovieRentalApp.Client.csproj", "{5FAB1D0C-CF7A-4B69-A0DD-113406B96BD1}"
EndProject
Project("{9A19103F-16F7-4668-BE54-9A1E7A4F7556}") = "MovieRentalApp.Shared", "MovieRentalApp\Shared\MovieRentalApp.Shared.csproj", "{F935ADB5-4220-49F6-B581-188BE9A6E34C}"
EndProject
Global
	GlobalSection(SolutionConfigurationPlatforms) = preSolution
		Debug|Any CPU = Debug|Any CPU
		Release|Any CPU = Release|Any CPU
	EndGlobalSection
	GlobalSection(ProjectConfigurationPlatforms) = postSolution
		{88922B69-74BE-4D5A-95EE-16F790342833}.Debug|Any CPU.ActiveCfg = Debug|Any CPU
		{88922B69-74BE-4D5A-95EE-16F790342833}.Debug|Any CPU.Build.0 = Debug|Any CPU
		{88922B69-74BE-4D5A-95EE-16F790342833}.Release|Any CPU.ActiveCfg = Release|Any CPU
		{88922B69-74BE-4D5A-95EE-16F790342833}.Release|Any CPU.Build.0 = Release|Any CPU
		{5FAB1D0C-CF7A-4B69-A0DD-113406B96BD1}.Debug|Any CPU.ActiveCfg = Debug|Any CPU
		{5FAB1D0C-CF7A-4B69-A0DD-113406B96BD1}.Debug|Any CPU.Build.0 = Debug|Any CPU
		{5FAB1D0C-CF7A-4B69-A0DD-113406B96BD1}.Release|Any CPU.ActiveCfg = Release|Any CPU
		{5FAB1D0C-CF7A-4B69-A0DD-113406B96BD1}.Release|Any CPU.Build.0 = Release|Any CPU
		{F935ADB5-4220-49F6-B581-188BE9A6E34C}.Debug|Any CPU.ActiveCfg = Debug|Any CPU
		{F935ADB5-4220-49F6-B581-188BE9A6E34C}.Debug|Any CPU.Build.0 = Debug|Any CPU
		{F935ADB5-4220-49F6-B581-188BE9A6E34C}.Release|Any CPU.ActiveCfg = Release|Any CPU
		{F935ADB5-4220-49F6-B581-188BE9A6E34C}.Release|Any CPU.Build.0 = Release|Any CPU
	EndGlobalSection
	GlobalSection(SolutionProperties) = preSolution
		HideSolutionNode = FALSE
	EndGlobalSection
	GlobalSection(ExtensibilityGlobals) = postSolution
		SolutionGuid = {90288078-65FF-430F-8EF1-4DEEC94A385E}
	EndGlobalSection
EndGlobal
